{
  "name": "isaunoya.github.io",
  "lockfileVersion": 3,
  "requires": true,
  "packages": {
    "": {
      "name": "isaunoya.github.io",
      "dependencies": {
        "@isaunoya/typst-blog": "file:../typst-blog"
      },
      "engines": {
        "node": ">=20"
      }
    },
    "../typst-blog": {
      "name": "@isaunoya/typst-blog",
      "version": "0.1.0",
      "bin": {
        "typst-blog": "src/cli.js"
      },
      "engines": {
        "node": ">=20"
      }
    },
    "node_modules/@isaunoya/typst-blog": {
      "resolved": "../typst-blog",
      "link": true
    }
  }
}
